
Microsoft Visual Studio Solution File, Format Version 12.00
# Visual Studio 14
VisualStudioVersion = 14.0.25420.1
MinimumVisualStudioVersion = 10.0.40219.1
Project("{FAE04EC0-301F-11D3-BF4B-00C04F79EFBC}") = "PruebaFOrm", "PruebaFOrm\PruebaFOrm.csproj", "{08AF11E1-4B7A-4734-B8C4-0FA9DC681EBF}"
EndProject
Global
	GlobalSection(SolutionConfigurationPlatforms) = preSolution
		Debug|Any CPU = Debug|Any CPU
		Release|Any CPU = Release|Any CPU
	EndGlobalSection
	GlobalSection(ProjectConfigurationPlatforms) = postSolution
		{08AF11E1-4B7A-4734-B8C4-0FA9DC681EBF}.Debug|Any CPU.ActiveCfg = Debug|Any CPU
		{08AF11E1-4B7A-4734-B8C4-0FA9DC681EBF}.Debug|Any CPU.Build.0 = Debug|Any CPU
		{08AF11E1-4B7A-4734-B8C4-0FA9DC681EBF}.Release|Any CPU.ActiveCfg = Release|Any CPU
		{08AF11E1-4B7A-4734-B8C4-0FA9DC681EBF}.Release|Any CPU.Build.0 = Release|Any CPU
	EndGlobalSection
	GlobalSection(SolutionProperties) = preSolution
		HideSolutionNode = FALSE
	EndGlobalSection
EndGlobal
